
Microsoft Visual Studio Solution File, Format Version 12.00
# Visual Studio 15
VisualStudioVersion = 15.0.27703.2026
MinimumVisualStudioVersion = 10.0.40219.1
Project("{FAE04EC0-301F-11D3-BF4B-00C04F79EFBC}") = "final", "final\final.csproj", "{9630A209-F4D3-40B4-A6F6-13E43EF53760}"
EndProject
Global
	GlobalSection(SolutionConfigurationPlatforms) = preSolution
		Debug|Any CPU = Debug|Any CPU
		Release|Any CPU = Release|Any CPU
	EndGlobalSection
	GlobalSection(ProjectConfigurationPlatforms) = postSolution
		{9630A209-F4D3-40B4-A6F6-13E43EF53760}.Debug|Any CPU.ActiveCfg = Debug|Any CPU
		{9630A209-F4D3-40B4-A6F6-13E43EF53760}.Debug|Any CPU.Build.0 = Debug|Any CPU
		{9630A209-F4D3-40B4-A6F6-13E43EF53760}.Release|Any CPU.ActiveCfg = Release|Any CPU
		{9630A209-F4D3-40B4-A6F6-13E43EF53760}.Release|Any CPU.Build.0 = Release|Any CPU
	EndGlobalSection
	GlobalSection(SolutionProperties) = preSolution
		HideSolutionNode = FALSE
	EndGlobalSection
	GlobalSection(ExtensibilityGlobals) = postSolution
		SolutionGuid = {528D9865-88F1-42E6-9EDE-0A64B30A5420}
	EndGlobalSection
EndGlobal
